{
  "pins" : [
    {
      "identity" : "webcall",
      "kind" : "remoteSourceControl",
      "location" : "https://github.com/bhargavdudi/WebCall.git",
      "state" : {
        "branch" : "main",
        "revision" : "78f38c3323eef19f7f058ed8778586cfc4fd7077"
      }
    }
  ],
  "version" : 2
}
